{
  "name": "@jl91/ngx-mat-intl-tel-input",
  "version": "2.0.7",
  "lockfileVersion": 1,
  "requires": true,
  "dependencies": {
    "@types/google-libphonenumber": {
      "version": "7.4.17",
      "resolved": "https://registry.npmjs.org/@types/google-libphonenumber/-/google-libphonenumber-7.4.17.tgz",
      "integrity": "sha512-NdqFHXBGxwiGjJn7dTAjcCckgxE+LbE3jik6/SNiC9ZfG4BxHJM1X6m8w+/ZpSGRN5s0+4dIL+MaD/KSXywp1g==",
      "dev": true
    },
    "google-libphonenumber": {
      "version": "3.2.4",
      "resolved": "https://registry.npmjs.org/google-libphonenumber/-/google-libphonenumber-3.2.4.tgz",
      "integrity": "sha512-gxUVpo/3+ZlUdbvE/u9E0VoKjimLhugw0pWD4I/j4cRF1jh+1wNzQXcCmf2mMa726ai39o5N7DcXCW3Shv0s3A=="
    },
    "ngx-mask": {
      "version": "8.0.4",
      "resolved": "https://registry.npmjs.org/ngx-mask/-/ngx-mask-8.0.4.tgz",
      "integrity": "sha512-6ryyJvRarY9o0RstR2pQoyHHpPUUBXnMznBVV6tmVembi840mezrF4MFjjZ4HPxr6N1mxxOcE8KnMEFQmZEOsw==",
      "requires": {
        "tslib": "^1.9.0"
      }
    },
    "tslib": {
      "version": "1.10.0",
      "resolved": "https://registry.npmjs.org/tslib/-/tslib-1.10.0.tgz",
      "integrity": "sha512-qOebF53frne81cf0S9B41ByenJ3/IuH8yJKngAX35CmiZySA0khhkovshKK+jGCaMnVomla7gVlIcc3EvKPbTQ=="
    }
  }
}
