{
  "name": "@jl91/ngx-mat-intl-tel-input",
  "version": "3.1.0",
  "lockfileVersion": 1,
  "requires": true,
  "dependencies": {
    "@angular/common": {
      "version": "8.2.12",
      "resolved": "https://registry.npmjs.org/@angular/common/-/common-8.2.12.tgz",
      "integrity": "sha512-BNz1lo+PP+lwIX3sErRGBRnkMzT5yT8CJ5o/M29AanCdcx9dpoJG2WKgpIgw8UBcj9QlP0CkSmzPtUNtcNMthA==",
      "requires": {
        "tslib": "^1.9.0"
      }
    },
    "@angular/core": {
      "version": "8.2.12",
      "resolved": "https://registry.npmjs.org/@angular/core/-/core-8.2.12.tgz",
      "integrity": "sha512-wEFwhHCuuXynXAMeA1G+0KIYY0jqXYs7I8p+GO+ufKoUmzWHFTvtMJ6nvKgy+LmZTByO2gf9oVAAlRodNb8ttQ==",
      "requires": {
        "tslib": "^1.9.0"
      }
    },
    "@angular/forms": {
      "version": "8.2.12",
      "resolved": "https://registry.npmjs.org/@angular/forms/-/forms-8.2.12.tgz",
      "integrity": "sha512-y1UObndCGbTYwLSzUWzCiX7th+mb4n712asApooGmfmIQmgTyHbKxYUJ9Ep1pgd0pqLBBnK249MQLH15NDpbyQ==",
      "requires": {
        "tslib": "^1.9.0"
      }
    },
    "google-libphonenumber": {
      "version": "3.2.6",
      "resolved": "https://registry.npmjs.org/google-libphonenumber/-/google-libphonenumber-3.2.6.tgz",
      "integrity": "sha512-6QCQAaKJlSd/1dUqvdQf7zzfb3uiZHsG8yhCfOdCVRfMuPZ/VDIEB47y5SYwjPQJPs7ebfW5jj6PeobB9JJ4JA=="
    },
    "ngx-mask": {
      "version": "8.1.4",
      "resolved": "https://registry.npmjs.org/ngx-mask/-/ngx-mask-8.1.4.tgz",
      "integrity": "sha512-5hinNWRRMuOUHStNbz5/uAKsWjBdntpmMRzwjV5v65iQg7WaPxHgTmymWue5gADEyh60Ii2kVcTJy1XNakoKZw==",
      "requires": {
        "tslib": "^1.9.0"
      }
    },
    "tslib": {
      "version": "1.10.0",
      "resolved": "https://registry.npmjs.org/tslib/-/tslib-1.10.0.tgz",
      "integrity": "sha512-qOebF53frne81cf0S9B41ByenJ3/IuH8yJKngAX35CmiZySA0khhkovshKK+jGCaMnVomla7gVlIcc3EvKPbTQ=="
    }
  }
}
